
Microsoft Visual Studio Solution File, Format Version 12.00
# Visual Studio Version 16
VisualStudioVersion = 16.0.29709.97
MinimumVisualStudioVersion = 10.0.40219.1
Project("{FAE04EC0-301F-11D3-BF4B-00C04F79EFBC}") = "DocumentFinder", "DocumentFinder\DocumentFinder.csproj", "{AE755D41-E93C-4455-A8B3-5B1EC77A35A3}"
EndProject
Global
	GlobalSection(SolutionConfigurationPlatforms) = preSolution
		Debug|Any CPU = Debug|Any CPU
		Release|Any CPU = Release|Any CPU
	EndGlobalSection
	GlobalSection(ProjectConfigurationPlatforms) = postSolution
		{AE755D41-E93C-4455-A8B3-5B1EC77A35A3}.Debug|Any CPU.ActiveCfg = Debug|Any CPU
		{AE755D41-E93C-4455-A8B3-5B1EC77A35A3}.Debug|Any CPU.Build.0 = Debug|Any CPU
		{AE755D41-E93C-4455-A8B3-5B1EC77A35A3}.Release|Any CPU.ActiveCfg = Release|Any CPU
		{AE755D41-E93C-4455-A8B3-5B1EC77A35A3}.Release|Any CPU.Build.0 = Release|Any CPU
	EndGlobalSection
	GlobalSection(SolutionProperties) = preSolution
		HideSolutionNode = FALSE
	EndGlobalSection
	GlobalSection(ExtensibilityGlobals) = postSolution
		SolutionGuid = {657D1150-12EF-45D8-8BCD-F50E0542BA09}
	EndGlobalSection
EndGlobal
